{
  "name": "amplify",
  "version": "1.0.0",
  "lockfileVersion": 2,
  "requires": true,
  "packages": {
    "": {
      "name": "amplify",
      "version": "1.0.0",
      "license": "ISC",
      "dependencies": {
        "amplify-count-directive": "file:.."
      }
    },
    "..": {
      "name": "amplify-count-directive",
      "version": "1.0.0",
      "license": "GPL-3.0",
      "dependencies": {
        "@aws-amplify/graphql-model-transformer": "^0.13.1",
        "@aws-amplify/graphql-transformer-core": "^0.16.1",
        "@aws-cdk/aws-lambda-nodejs": "~1.124.0",
        "@aws-cdk/core": "~1.124.0",
        "@aws-sdk/lib-dynamodb": "^3.52.0",
        "amplify-provider-awscloudformation": "^5.9.7",
        "esbuild": "^0.14.23",
        "graphql": "<15.0.0"
      },
      "devDependencies": {
        "@aws-cdk/assert": "^2.13.0",
        "@types/aws-lambda": "^8.10.92",
        "@types/jest": "^27.4.0",
        "jest": "^27.5.1",
        "ts-jest": "^27.1.3"
      }
    },
    "node_modules/amplify-count-directive": {
      "resolved": "..",
      "link": true
    }
  },
  "dependencies": {
    "amplify-count-directive": {
      "version": "file:..",
      "requires": {
        "@aws-amplify/graphql-model-transformer": "^0.13.1",
        "@aws-amplify/graphql-transformer-core": "^0.16.1",
        "@aws-cdk/assert": "^2.13.0",
        "@aws-cdk/aws-lambda-nodejs": "~1.124.0",
        "@aws-cdk/core": "~1.124.0",
        "@aws-sdk/lib-dynamodb": "^3.52.0",
        "@types/aws-lambda": "^8.10.92",
        "@types/jest": "^27.4.0",
        "amplify-provider-awscloudformation": "^5.9.7",
        "esbuild": "^0.14.23",
        "graphql": "<15.0.0",
        "jest": "^27.5.1",
        "ts-jest": "^27.1.3"
      }
    }
  }
}
